// !$*UTF8*$!
{
	archiveVersion = 1;
	classes = {
	};
	objectVersion = 50;
	objects = {

/* Begin PBXBuildFile section */
		716E7F0823A4FA14003029DA /* AppDelegate.swift in Sources */ = {isa = PBXBuildFile; fileRef = 716E7F0723A4FA14003029DA /* AppDelegate.swift */; };
		716E7F0A23A4FA14003029DA /* SceneDelegate.swift in Sources */ = {isa = PBXBuildFile; fileRef = 716E7F0923A4FA14003029DA /* SceneDelegate.swift */; };
		716E7F0C23A4FA14003029DA /* ViewController.swift in Sources */ = {isa = PBXBuildFile; fileRef = 716E7F0B23A4FA14003029DA /* ViewController.swift */; };
		716E7F0F23A4FA14003029DA /* Main.storyboard in Resources */ = {isa = PBXBuildFile; fileRef = 716E7F0D23A4FA14003029DA /* Main.storyboard */; };
		716E7F1123A4FA15003029DA /* Assets.xcassets in Resources */ = {isa = PBXBuildFile; fileRef = 716E7F1023A4FA15003029DA /* Assets.xcassets */; };
		716E7F1423A4FA15003029DA /* LaunchScreen.storyboard in Resources */ = {isa = PBXBuildFile; fileRef = 716E7F1223A4FA15003029DA /* LaunchScreen.storyboard */; };
		716E7F1F23A4FA15003029DA /* Original2Tests.swift in Sources */ = {isa = PBXBuildFile; fileRef = 716E7F1E23A4FA15003029DA /* Original2Tests.swift */; };
		716E7F2A23A4FA15003029DA /* Original2UITests.swift in Sources */ = {isa = PBXBuildFile; fileRef = 716E7F2923A4FA15003029DA /* Original2UITests.swift */; };
/* End PBXBuildFile section */

/* Begin PBXContainerItemProxy section */
		716E7F1B23A4FA15003029DA /* PBXContainerItemProxy */ = {
			isa = PBXContainerItemProxy;
			containerPortal = 716E7EFC23A4FA14003029DA /* Project object */;
			proxyType = 1;
			remoteGlobalIDString = 716E7F0323A4FA14003029DA;
			remoteInfo = Original2;
		};
		716E7F2623A4FA15003029DA /* PBXContainerItemProxy */ = {
			isa = PBXContainerItemProxy;
			containerPortal = 716E7EFC23A4FA14003029DA /* Project object */;
			proxyType = 1;
			remoteGlobalIDString = 716E7F0323A4FA14003029DA;
			remoteInfo = Original2;
		};
/* End PBXContainerItemProxy section */

/* Begin PBXFileReference section */
		716E7F0423A4FA14003029DA /* Original2.app */ = {isa = PBXFileReference; explicitFileType = wrapper.application; includeInIndex = 0; path = Original2.app; sourceTree = BUILT_PRODUCTS_DIR; };
		716E7F0723A4FA14003029DA /* AppDelegate.swift */ = {isa = PBXFileReference; lastKnownFileType = sourcecode.swift; path = AppDelegate.swift; sourceTree = "<group>"; };
		716E7F0923A4FA14003029DA /* SceneDelegate.swift */ = {isa = PBXFileReference; lastKnownFileType = sourcecode.swift; path = SceneDelegate.swift; sourceTree = "<group>"; };
		716E7F0B23A4FA14003029DA /* ViewController.swift */ = {isa = PBXFileReference; lastKnownFileType = sourcecode.swift; path = ViewController.swift; sourceTree = "<group>"; };
		716E7F0E23A4FA14003029DA /* Base */ = {isa = PBXFileReference; lastKnownFileType = file.storyboard; name = Base; path = Base.lproj/Main.storyboard; sourceTree = "<group>"; };
		716E7F1023A4FA15003029DA /* Assets.xcassets */ = {isa = PBXFileReference; lastKnownFileType = folder.assetcatalog; path = Assets.xcassets; sourceTree = "<group>"; };
		716E7F1323A4FA15003029DA /* Base */ = {isa = PBXFileReference; lastKnownFileType = file.storyboard; name = Base; path = Base.lproj/LaunchScreen.storyboard; sourceTree = "<group>"; };
		716E7F1523A4FA15003029DA /* Info.plist */ = {isa = PBXFileReference; lastKnownFileType = text.plist.xml; path = Info.plist; sourceTree = "<group>"; };
		716E7F1A23A4FA15003029DA /* Original2Tests.xctest */ = {isa = PBXFileReference; explicitFileType = wrapper.cfbundle; includeInIndex = 0; path = Original2Tests.xctest; sourceTree = BUILT_PRODUCTS_DIR; };
		716E7F1E23A4FA15003029DA /* Original2Tests.swift */ = {isa = PBXFileReference; lastKnownFileType = sourcecode.swift; path = Original2Tests.swift; sourceTree = "<group>"; };
		716E7F2023A4FA15003029DA /* Info.plist */ = {isa = PBXFileReference; lastKnownFileType = text.plist.xml; path = Info.plist; sourceTree = "<group>"; };
		716E7F2523A4FA15003029DA /* Original2UITests.xctest */ = {isa = PBXFileReference; explicitFileType = wrapper.cfbundle; includeInIndex = 0; path = Original2UITests.xctest; sourceTree = BUILT_PRODUCTS_DIR; };
		716E7F2923A4FA15003029DA /* Original2UITests.swift */ = {isa = PBXFileReference; lastKnownFileType = sourcecode.swift; path = Original2UITests.swift; sourceTree = "<group>"; };
		716E7F2B23A4FA15003029DA /* Info.plist */ = {isa = PBXFileReference; lastKnownFileType = text.plist.xml; path = Info.plist; sourceTree = "<group>"; };
/* End PBXFileReference section */

/* Begin PBXFrameworksBuildPhase section */
		716E7F0123A4FA14003029DA /* Frameworks */ = {
			isa = PBXFrameworksBuildPhase;
			buildActionMask = 2147483647;
			files = (
			);
			runOnlyForDeploymentPostprocessing = 0;
		};
		716E7F1723A4FA15003029DA /* Frameworks */ = {
			isa = PBXFrameworksBuildPhase;
			buildActionMask = 2147483647;
			files = (
			);
			runOnlyForDeploymentPostprocessing = 0;
		};
		716E7F2223A4FA15003029DA /* Frameworks */ = {
			isa = PBXFrameworksBuildPhase;
			buildActionMask = 2147483647;
			files = (
			);
			runOnlyForDeploymentPostprocessing = 0;
		};
/* End PBXFrameworksBuildPhase section */

/* Begin PBXGroup section */
		716E7EFB23A4FA14003029DA = {
			isa = PBXGroup;
			children = (
				716E7F0623A4FA14003029DA /* Original2 */,
				716E7F1D23A4FA15003029DA /* Original2Tests */,
				716E7F2823A4FA15003029DA /* Original2UITests */,
				716E7F0523A4FA14003029DA /* Products */,
			);
			sourceTree = "<group>";
		};
		716E7F0523A4FA14003029DA /* Products */ = {
			isa = PBXGroup;
			children = (
				716E7F0423A4FA14003029DA /* Original2.app */,
				716E7F1A23A4FA15003029DA /* Original2Tests.xctest */,
				716E7F2523A4FA15003029DA /* Original2UITests.xctest */,
			);
			name = Products;
			sourceTree = "<group>";
		};
		716E7F0623A4FA14003029DA /* Original2 */ = {
			isa = PBXGroup;
			children = (
				716E7F0723A4FA14003029DA /* AppDelegate.swift */,
				716E7F0923A4FA14003029DA /* SceneDelegate.swift */,
				716E7F0B23A4FA14003029DA /* ViewController.swift */,
				716E7F0D23A4FA14003029DA /* Main.storyboard */,
				716E7F1023A4FA15003029DA /* Assets.xcassets */,
				716E7F1223A4FA15003029DA /* LaunchScreen.storyboard */,
				716E7F1523A4FA15003029DA /* Info.plist */,
			);
			path = Original2;
			sourceTree = "<group>";
		};
		716E7F1D23A4FA15003029DA /* Original2Tests */ = {
			isa = PBXGroup;
			children = (
				716E7F1E23A4FA15003029DA /* Original2Tests.swift */,
				716E7F2023A4FA15003029DA /* Info.plist */,
			);
			path = Original2Tests;
			sourceTree = "<group>";
		};
		716E7F2823A4FA15003029DA /* Original2UITests */ = {
			isa = PBXGroup;
			children = (
				716E7F2923A4FA15003029DA /* Original2UITests.swift */,
				716E7F2B23A4FA15003029DA /* Info.plist */,
			);
			path = Original2UITests;
			sourceTree = "<group>";
		};
/* End PBXGroup section */

/* Begin PBXNativeTarget section */
		716E7F0323A4FA14003029DA /* Original2 */ = {
			isa = PBXNativeTarget;
			buildConfigurationList = 716E7F2E23A4FA15003029DA /* Build configuration list for PBXNativeTarget "Original2" */;
			buildPhases = (
				716E7F0023A4FA14003029DA /* Sources */,
				716E7F0123A4FA14003029DA /* Frameworks */,
				716E7F0223A4FA14003029DA /* Resources */,
			);
			buildRules = (
			);
			dependencies = (
			);
			name = Original2;
			productName = Original2;
			productReference = 716E7F0423A4FA14003029DA /* Original2.app */;
			productType = "com.apple.product-type.application";
		};
		716E7F1923A4FA15003029DA /* Original2Tests */ = {
			isa = PBXNativeTarget;
			buildConfigurationList = 716E7F3123A4FA15003029DA /* Build configuration list for PBXNativeTarget "Original2Tests" */;
			buildPhases = (
				716E7F1623A4FA15003029DA /* Sources */,
				716E7F1723A4FA15003029DA /* Frameworks */,
				716E7F1823A4FA15003029DA /* Resources */,
			);
			buildRules = (
			);
			dependencies = (
				716E7F1C23A4FA15003029DA /* PBXTargetDependency */,
			);
			name = Original2Tests;
			productName = Original2Tests;
			productReference = 716E7F1A23A4FA15003029DA /* Original2Tests.xctest */;
			productType = "com.apple.product-type.bundle.unit-test";
		};
		716E7F2423A4FA15003029DA /* Original2UITests */ = {
			isa = PBXNativeTarget;
			buildConfigurationList = 716E7F3423A4FA15003029DA /* Build configuration list for PBXNativeTarget "Original2UITests" */;
			buildPhases = (
				716E7F2123A4FA15003029DA /* Sources */,
				716E7F2223A4FA15003029DA /* Frameworks */,
				716E7F2323A4FA15003029DA /* Resources */,
			);
			buildRules = (
			);
			dependencies = (
				716E7F2723A4FA15003029DA /* PBXTargetDependency */,
			);
			name = Original2UITests;
			productName = Original2UITests;
			productReference = 716E7F2523A4FA15003029DA /* Original2UITests.xctest */;
			productType = "com.apple.product-type.bundle.ui-testing";
		};
/* End PBXNativeTarget section */

/* Begin PBXProject section */
		716E7EFC23A4FA14003029DA /* Project object */ = {
			isa = PBXProject;
			attributes = {
				LastSwiftUpdateCheck = 1130;
				LastUpgradeCheck = 1130;
				ORGANIZATIONNAME = "張丹";
				TargetAttributes = {
					716E7F0323A4FA14003029DA = {
						CreatedOnToolsVersion = 11.3;
					};
					716E7F1923A4FA15003029DA = {
						CreatedOnToolsVersion = 11.3;
						TestTargetID = 716E7F0323A4FA14003029DA;
					};
					716E7F2423A4FA15003029DA = {
						CreatedOnToolsVersion = 11.3;
						TestTargetID = 716E7F0323A4FA14003029DA;
					};
				};
			};
			buildConfigurationList = 716E7EFF23A4FA14003029DA /* Build configuration list for PBXProject "Original2" */;
			compatibilityVersion = "Xcode 9.3";
			developmentRegion = en;
			hasScannedForEncodings = 0;
			knownRegions = (
				en,
				Base,
			);
			mainGroup = 716E7EFB23A4FA14003029DA;
			productRefGroup = 716E7F0523A4FA14003029DA /* Products */;
			projectDirPath = "";
			projectRoot = "";
			targets = (
				716E7F0323A4FA14003029DA /* Original2 */,
				716E7F1923A4FA15003029DA /* Original2Tests */,
				716E7F2423A4FA15003029DA /* Original2UITests */,
			);
		};
/* End PBXProject section */

/* Begin PBXResourcesBuildPhase section */
		716E7F0223A4FA14003029DA /* Resources */ = {
			isa = PBXResourcesBuildPhase;
			buildActionMask = 2147483647;
			files = (
				716E7F1423A4FA15003029DA /* LaunchScreen.storyboard in Resources */,
				716E7F1123A4FA15003029DA /* Assets.xcassets in Resources */,
				716E7F0F23A4FA14003029DA /* Main.storyboard in Resources */,
			);
			runOnlyForDeploymentPostprocessing = 0;
		};
		716E7F1823A4FA15003029DA /* Resources */ = {
			isa = PBXResourcesBuildPhase;
			buildActionMask = 2147483647;
			files = (
			);
			runOnlyForDeploymentPostprocessing = 0;
		};
		716E7F2323A4FA15003029DA /* Resources */ = {
			isa = PBXResourcesBuildPhase;
			buildActionMask = 2147483647;
			files = (
			);
			runOnlyForDeploymentPostprocessing = 0;
		};
/* End PBXResourcesBuildPhase section */

/* Begin PBXSourcesBuildPhase section */
		716E7F0023A4FA14003029DA /* Sources */ = {
			isa = PBXSourcesBuildPhase;
			buildActionMask = 2147483647;
			files = (
				716E7F0C23A4FA14003029DA /* ViewController.swift in Sources */,
				716E7F0823A4FA14003029DA /* AppDelegate.swift in Sources */,
				716E7F0A23A4FA14003029DA /* SceneDelegate.swift in Sources */,
			);
			runOnlyForDeploymentPostprocessing = 0;
		};
		716E7F1623A4FA15003029DA /* Sources */ = {
			isa = PBXSourcesBuildPhase;
			buildActionMask = 2147483647;
			files = (
				716E7F1F23A4FA15003029DA /* Original2Tests.swift in Sources */,
			);
			runOnlyForDeploymentPostprocessing = 0;
		};
		716E7F2123A4FA15003029DA /* Sources */ = {
			isa = PBXSourcesBuildPhase;
			buildActionMask = 2147483647;
			files = (
				716E7F2A23A4FA15003029DA /* Original2UITests.swift in Sources */,
			);
			runOnlyForDeploymentPostprocessing = 0;
		};
/* End PBXSourcesBuildPhase section */

/* Begin PBXTargetDependency section */
		716E7F1C23A4FA15003029DA /* PBXTargetDependency */ = {
			isa = PBXTargetDependency;
			target = 716E7F0323A4FA14003029DA /* Original2 */;
			targetProxy = 716E7F1B23A4FA15003029DA /* PBXContainerItemProxy */;
		};
		716E7F2723A4FA15003029DA /* PBXTargetDependency */ = {
			isa = PBXTargetDependency;
			target = 716E7F0323A4FA14003029DA /* Original2 */;
			targetProxy = 716E7F2623A4FA15003029DA /* PBXContainerItemProxy */;
		};
/* End PBXTargetDependency section */

/* Begin PBXVariantGroup section */
		716E7F0D23A4FA14003029DA /* Main.storyboard */ = {
			isa = PBXVariantGroup;
			children = (
				716E7F0E23A4FA14003029DA /* Base */,
			);
			name = Main.storyboard;
			sourceTree = "<group>";
		};
		716E7F1223A4FA15003029DA /* LaunchScreen.storyboard */ = {
			isa = PBXVariantGroup;
			children = (
				716E7F1323A4FA15003029DA /* Base */,
			);
			name = LaunchScreen.storyboard;
			sourceTree = "<group>";
		};
/* End PBXVariantGroup section */

/* Begin XCBuildConfiguration section */
		716E7F2C23A4FA15003029DA /* Debug */ = {
			isa = XCBuildConfiguration;
			buildSettings = {
				ALWAYS_SEARCH_USER_PATHS = NO;
				CLANG_ANALYZER_NONNULL = YES;
				CLANG_ANALYZER_NUMBER_OBJECT_CONVERSION = YES_AGGRESSIVE;
				CLANG_CXX_LANGUAGE_STANDARD = "gnu++14";
				CLANG_CXX_LIBRARY = "libc++";
				CLANG_ENABLE_MODULES = YES;
				CLANG_ENABLE_OBJC_ARC = YES;
				CLANG_ENABLE_OBJC_WEAK = YES;
				CLANG_WARN_BLOCK_CAPTURE_AUTORELEASING = YES;
				CLANG_WARN_BOOL_CONVERSION = YES;
				CLANG_WARN_COMMA = YES;
				CLANG_WARN_CONSTANT_CONVERSION = YES;
				CLANG_WARN_DEPRECATED_OBJC_IMPLEMENTATIONS = YES;
				CLANG_WARN_DIRECT_OBJC_ISA_USAGE = YES_ERROR;
				CLANG_WARN_DOCUMENTATION_COMMENTS = YES;
				CLANG_WARN_EMPTY_BODY = YES;
				CLANG_WARN_ENUM_CONVERSION = YES;
				CLANG_WARN_INFINITE_RECURSION = YES;
				CLANG_WARN_INT_CONVERSION = YES;
				CLANG_WARN_NON_LITERAL_NULL_CONVERSION = YES;
				CLANG_WARN_OBJC_IMPLICIT_RETAIN_SELF = YES;
				CLANG_WARN_OBJC_LITERAL_CONVERSION = YES;
				CLANG_WARN_OBJC_ROOT_CLASS = YES_ERROR;
				CLANG_WARN_RANGE_LOOP_ANALYSIS = YES;
				CLANG_WARN_STRICT_PROTOTYPES = YES;
				CLANG_WARN_SUSPICIOUS_MOVE = YES;
				CLANG_WARN_UNGUARDED_AVAILABILITY = YES_AGGRESSIVE;
				CLANG_WARN_UNREACHABLE_CODE = YES;
				CLANG_WARN__DUPLICATE_METHOD_MATCH = YES;
				COPY_PHASE_STRIP = NO;
				DEBUG_INFORMATION_FORMAT = dwarf;
				ENABLE_STRICT_OBJC_MSGSEND = YES;
				ENABLE_TESTABILITY = YES;
				GCC_C_LANGUAGE_STANDARD = gnu11;
				GCC_DYNAMIC_NO_PIC = NO;
				GCC_NO_COMMON_BLOCKS = YES;
				GCC_OPTIMIZATION_LEVEL = 0;
				GCC_PREPROCESSOR_DEFINITIONS = (
					"DEBUG=1",
					"$(inherited)",
				);
				GCC_WARN_64_TO_32_BIT_CONVERSION = YES;
				GCC_WARN_ABOUT_RETURN_TYPE = YES_ERROR;
				GCC_WARN_UNDECLARED_SELECTOR = YES;
				GCC_WARN_UNINITIALIZED_AUTOS = YES_AGGRESSIVE;
				GCC_WARN_UNUSED_FUNCTION = YES;
				GCC_WARN_UNUSED_VARIABLE = YES;
				IPHONEOS_DEPLOYMENT_TARGET = 13.2;
				MTL_ENABLE_DEBUG_INFO = INCLUDE_SOURCE;
				MTL_FAST_MATH = YES;
				ONLY_ACTIVE_ARCH = YES;
				SDKROOT = iphoneos;
				SWIFT_ACTIVE_COMPILATION_CONDITIONS = DEBUG;
				SWIFT_OPTIMIZATION_LEVEL = "-Onone";
			};
			name = Debug;
		};
		716E7F2D23A4FA15003029DA /* Release */ = {
			isa = XCBuildConfiguration;
			buildSettings = {
				ALWAYS_SEARCH_USER_PATHS = NO;
				CLANG_ANALYZER_NONNULL = YES;
				CLANG_ANALYZER_NUMBER_OBJECT_CONVERSION = YES_AGGRESSIVE;
				CLANG_CXX_LANGUAGE_STANDARD = "gnu++14";
				CLANG_CXX_LIBRARY = "libc++";
				CLANG_ENABLE_MODULES = YES;
				CLANG_ENABLE_OBJC_ARC = YES;
				CLANG_ENABLE_OBJC_WEAK = YES;
				CLANG_WARN_BLOCK_CAPTURE_AUTORELEASING = YES;
				CLANG_WARN_BOOL_CONVERSION = YES;
				CLANG_WARN_COMMA = YES;
				CLANG_WARN_CONSTANT_CONVERSION = YES;
				CLANG_WARN_DEPRECATED_OBJC_IMPLEMENTATIONS = YES;
				CLANG_WARN_DIRECT_OBJC_ISA_USAGE = YES_ERROR;
				CLANG_WARN_DOCUMENTATION_COMMENTS = YES;
				CLANG_WARN_EMPTY_BODY = YES;
				CLANG_WARN_ENUM_CONVERSION = YES;
				CLANG_WARN_INFINITE_RECURSION = YES;
				CLANG_WARN_INT_CONVERSION = YES;
				CLANG_WARN_NON_LITERAL_NULL_CONVERSION = YES;
				CLANG_WARN_OBJC_IMPLICIT_RETAIN_SELF = YES;
				CLANG_WARN_OBJC_LITERAL_CONVERSION = YES;
				CLANG_WARN_OBJC_ROOT_CLASS = YES_ERROR;
				CLANG_WARN_RANGE_LOOP_ANALYSIS = YES;
				CLANG_WARN_STRICT_PROTOTYPES = YES;
				CLANG_WARN_SUSPICIOUS_MOVE = YES;
				CLANG_WARN_UNGUARDED_AVAILABILITY = YES_AGGRESSIVE;
				CLANG_WARN_UNREACHABLE_CODE = YES;
				CLANG_WARN__DUPLICATE_METHOD_MATCH = YES;
				COPY_PHASE_STRIP = NO;
				DEBUG_INFORMATION_FORMAT = "dwarf-with-dsym";
				ENABLE_NS_ASSERTIONS = NO;
				ENABLE_STRICT_OBJC_MSGSEND = YES;
				GCC_C_LANGUAGE_STANDARD = gnu11;
				GCC_NO_COMMON_BLOCKS = YES;
				GCC_WARN_64_TO_32_BIT_CONVERSION = YES;
				GCC_WARN_ABOUT_RETURN_TYPE = YES_ERROR;
				GCC_WARN_UNDECLARED_SELECTOR = YES;
				GCC_WARN_UNINITIALIZED_AUTOS = YES_AGGRESSIVE;
				GCC_WARN_UNUSED_FUNCTION = YES;
				GCC_WARN_UNUSED_VARIABLE = YES;
				IPHONEOS_DEPLOYMENT_TARGET = 13.2;
				MTL_ENABLE_DEBUG_INFO = NO;
				MTL_FAST_MATH = YES;
				SDKROOT = iphoneos;
				SWIFT_COMPILATION_MODE = wholemodule;
				SWIFT_OPTIMIZATION_LEVEL = "-O";
				VALIDATE_PRODUCT = YES;
			};
			name = Release;
		};
		716E7F2F23A4FA15003029DA /* Debug */ = {
			isa = XCBuildConfiguration;
			buildSettings = {
				ASSETCATALOG_COMPILER_APPICON_NAME = AppIcon;
				CODE_SIGN_STYLE = Automatic;
				INFOPLIST_FILE = Original2/Info.plist;
				LD_RUNPATH_SEARCH_PATHS = (
					"$(inherited)",
					"@executable_path/Frameworks",
				);
				PRODUCT_BUNDLE_IDENTIFIER = com.harukanishida.Original2;
				PRODUCT_NAME = "$(TARGET_NAME)";
				SWIFT_VERSION = 5.0;
				TARGETED_DEVICE_FAMILY = "1,2";
			};
			name = Debug;
		};
		716E7F3023A4FA15003029DA /* Release */ = {
			isa = XCBuildConfiguration;
			buildSettings = {
				ASSETCATALOG_COMPILER_APPICON_NAME = AppIcon;
				CODE_SIGN_STYLE = Automatic;
				INFOPLIST_FILE = Original2/Info.plist;
				LD_RUNPATH_SEARCH_PATHS = (
					"$(inherited)",
					"@executable_path/Frameworks",
				);
				PRODUCT_BUNDLE_IDENTIFIER = com.harukanishida.Original2;
				PRODUCT_NAME = "$(TARGET_NAME)";
				SWIFT_VERSION = 5.0;
				TARGETED_DEVICE_FAMILY = "1,2";
			};
			name = Release;
		};
		716E7F3223A4FA15003029DA /* Debug */ = {
			isa = XCBuildConfiguration;
			buildSettings = {
				ALWAYS_EMBED_SWIFT_STANDARD_LIBRARIES = YES;
				BUNDLE_LOADER = "$(TEST_HOST)";
				CODE_SIGN_STYLE = Automatic;
				INFOPLIST_FILE = Original2Tests/Info.plist;
				IPHONEOS_DEPLOYMENT_TARGET = 13.2;
				LD_RUNPATH_SEARCH_PATHS = (
					"$(inherited)",
					"@executable_path/Frameworks",
					"@loader_path/Frameworks",
				);
				PRODUCT_BUNDLE_IDENTIFIER = com.harukanishida.Original2Tests;
				PRODUCT_NAME = "$(TARGET_NAME)";
				SWIFT_VERSION = 5.0;
				TARGETED_DEVICE_FAMILY = "1,2";
				TEST_HOST = "$(BUILT_PRODUCTS_DIR)/Original2.app/Original2";
			};
			name = Debug;
		};
		716E7F3323A4FA15003029DA /* Release */ = {
			isa = XCBuildConfiguration;
			buildSettings = {
				ALWAYS_EMBED_SWIFT_STANDARD_LIBRARIES = YES;
				BUNDLE_LOADER = "$(TEST_HOST)";
				CODE_SIGN_STYLE = Automatic;
				INFOPLIST_FILE = Original2Tests/Info.plist;
				IPHONEOS_DEPLOYMENT_TARGET = 13.2;
				LD_RUNPATH_SEARCH_PATHS = (
					"$(inherited)",
					"@executable_path/Frameworks",
					"@loader_path/Frameworks",
				);
				PRODUCT_BUNDLE_IDENTIFIER = com.harukanishida.Original2Tests;
				PRODUCT_NAME = "$(TARGET_NAME)";
				SWIFT_VERSION = 5.0;
				TARGETED_DEVICE_FAMILY = "1,2";
				TEST_HOST = "$(BUILT_PRODUCTS_DIR)/Original2.app/Original2";
			};
			name = Release;
		};
		716E7F3523A4FA15003029DA /* Debug */ = {
			isa = XCBuildConfiguration;
			buildSettings = {
				ALWAYS_EMBED_SWIFT_STANDARD_LIBRARIES = YES;
				CODE_SIGN_STYLE = Automatic;
				INFOPLIST_FILE = Original2UITests/Info.plist;
				LD_RUNPATH_SEARCH_PATHS = (
					"$(inherited)",
					"@executable_path/Frameworks",
					"@loader_path/Frameworks",
				);
				PRODUCT_BUNDLE_IDENTIFIER = com.harukanishida.Original2UITests;
				PRODUCT_NAME = "$(TARGET_NAME)";
				SWIFT_VERSION = 5.0;
				TARGETED_DEVICE_FAMILY = "1,2";
				TEST_TARGET_NAME = Original2;
			};
			name = Debug;
		};
		716E7F3623A4FA15003029DA /* Release */ = {
			isa = XCBuildConfiguration;
			buildSettings = {
				ALWAYS_EMBED_SWIFT_STANDARD_LIBRARIES = YES;
				CODE_SIGN_STYLE = Automatic;
				INFOPLIST_FILE = Original2UITests/Info.plist;
				LD_RUNPATH_SEARCH_PATHS = (
					"$(inherited)",
					"@executable_path/Frameworks",
					"@loader_path/Frameworks",
				);
				PRODUCT_BUNDLE_IDENTIFIER = com.harukanishida.Original2UITests;
				PRODUCT_NAME = "$(TARGET_NAME)";
				SWIFT_VERSION = 5.0;
				TARGETED_DEVICE_FAMILY = "1,2";
				TEST_TARGET_NAME = Original2;
			};
			name = Release;
		};
/* End XCBuildConfiguration section */

/* Begin XCConfigurationList section */
		716E7EFF23A4FA14003029DA /* Build configuration list for PBXProject "Original2" */ = {
			isa = XCConfigurationList;
			buildConfigurations = (
				716E7F2C23A4FA15003029DA /* Debug */,
				716E7F2D23A4FA15003029DA /* Release */,
			);
			defaultConfigurationIsVisible = 0;
			defaultConfigurationName = Release;
		};
		716E7F2E23A4FA15003029DA /* Build configuration list for PBXNativeTarget "Original2" */ = {
			isa = XCConfigurationList;
			buildConfigurations = (
				716E7F2F23A4FA15003029DA /* Debug */,
				716E7F3023A4FA15003029DA /* Release */,
			);
			defaultConfigurationIsVisible = 0;
			defaultConfigurationName = Release;
		};
		716E7F3123A4FA15003029DA /* Build configuration list for PBXNativeTarget "Original2Tests" */ = {
			isa = XCConfigurationList;
			buildConfigurations = (
				716E7F3223A4FA15003029DA /* Debug */,
				716E7F3323A4FA15003029DA /* Release */,
			);
			defaultConfigurationIsVisible = 0;
			defaultConfigurationName = Release;
		};
		716E7F3423A4FA15003029DA /* Build configuration list for PBXNativeTarget "Original2UITests" */ = {
			isa = XCConfigurationList;
			buildConfigurations = (
				716E7F3523A4FA15003029DA /* Debug */,
				716E7F3623A4FA15003029DA /* Release */,
			);
			defaultConfigurationIsVisible = 0;
			defaultConfigurationName = Release;
		};
/* End XCConfigurationList section */
	};
	rootObject = 716E7EFC23A4FA14003029DA /* Project object */;
}
